{
  "name": "nestjs-nextjs-trpc",
  "version": "1.0.0",
  "lockfileVersion": 3,
  "requires": true,
  "packages": {
    "": {
      "name": "nestjs-nextjs-trpc",
      "version": "1.0.0",
      "license": "ISC",
      "dependencies": {
        "@trpc/server": "^10.45.2",
        "zod": "^3.24.1"
      }
    },
    "node_modules/@trpc/server": {
      "version": "10.45.2",
      "resolved": "https://registry.npmjs.org/@trpc/server/-/server-10.45.2.tgz",
      "integrity": "sha512-wOrSThNNE4HUnuhJG6PfDRp4L2009KDVxsd+2VYH8ro6o/7/jwYZ8Uu5j+VaW+mOmc8EHerHzGcdbGNQSAUPgg==",
      "funding": [
        "https://trpc.io/sponsor"
      ],
      "license": "MIT"
    },
    "node_modules/zod": {
      "version": "3.24.1",
      "resolved": "https://registry.npmjs.org/zod/-/zod-3.24.1.tgz",
      "integrity": "sha512-muH7gBL9sI1nciMZV67X5fTKKBLtwpZ5VBp1vsOQzj1MhrBZ4wlVCm3gedKZWLp0Oyel8sIGfeiz54Su+OVT+A==",
      "license": "MIT",
      "funding": {
        "url": "https://github.com/sponsors/colinhacks"
      }
    }
  }
}
